
Microsoft Visual Studio Solution File, Format Version 12.00
# Visual Studio Version 17
VisualStudioVersion = 17.9.34407.89
MinimumVisualStudioVersion = 10.0.40219.1
Project("{FAE04EC0-301F-11D3-BF4B-00C04F79EFBC}") = "MicroUtils", "MicroUtils.csproj", "{5B289E7C-CD8E-4981-BBDA-281B8BD0F4BF}"
EndProject
Global
	GlobalSection(SolutionConfigurationPlatforms) = preSolution
		Debug|Any CPU = Debug|Any CPU
		Release|Any CPU = Release|Any CPU
	EndGlobalSection
	GlobalSection(ProjectConfigurationPlatforms) = postSolution
		{5B289E7C-CD8E-4981-BBDA-281B8BD0F4BF}.Debug|Any CPU.ActiveCfg = Debug|Any CPU
		{5B289E7C-CD8E-4981-BBDA-281B8BD0F4BF}.Debug|Any CPU.Build.0 = Debug|Any CPU
		{5B289E7C-CD8E-4981-BBDA-281B8BD0F4BF}.Release|Any CPU.ActiveCfg = Release|Any CPU
		{5B289E7C-CD8E-4981-BBDA-281B8BD0F4BF}.Release|Any CPU.Build.0 = Release|Any CPU
	EndGlobalSection
	GlobalSection(SolutionProperties) = preSolution
		HideSolutionNode = FALSE
	EndGlobalSection
	GlobalSection(ExtensibilityGlobals) = postSolution
		SolutionGuid = {AC6C60B2-CA24-4EC7-B1A5-B74A4EB97CE9}
	EndGlobalSection
EndGlobal
